// !$*UTF8*$!
{
	archiveVersion = 1;
	classes = {
	};
	objectVersion = 56;
	objects = {

/* Begin PBXBuildFile section */
		A30086A829B554D800B2C015 /* AppDelegate.swift in Sources */ = {isa = PBXBuildFile; fileRef = A30086A729B554D800B2C015 /* AppDelegate.swift */; };
		A30086B029B554D800B2C015 /* GameViewController.swift in Sources */ = {isa = PBXBuildFile; fileRef = A30086AF29B554D800B2C015 /* GameViewController.swift */; };
		A30086B329B554D800B2C015 /* Main.storyboard in Resources */ = {isa = PBXBuildFile; fileRef = A30086B129B554D800B2C015 /* Main.storyboard */; };
		A30086B529B554D900B2C015 /* Assets.xcassets in Resources */ = {isa = PBXBuildFile; fileRef = A30086B429B554D900B2C015 /* Assets.xcassets */; };
		A30086B829B554D900B2C015 /* LaunchScreen.storyboard in Resources */ = {isa = PBXBuildFile; fileRef = A30086B629B554D900B2C015 /* LaunchScreen.storyboard */; };
		A35034FC29B5733400031465 /* oceanLandscape.png in Resources */ = {isa = PBXBuildFile; fileRef = A35034FB29B5733400031465 /* oceanLandscape.png */; };
		A35034FE29B5733900031465 /* planeLandscape.png in Resources */ = {isa = PBXBuildFile; fileRef = A35034FD29B5733900031465 /* planeLandscape.png */; };
		A3A3698129B55654001A262E /* plane3.png in Resources */ = {isa = PBXBuildFile; fileRef = A3A3696D29B55654001A262E /* plane3.png */; };
		A3A3698229B55654001A262E /* plane2.png in Resources */ = {isa = PBXBuildFile; fileRef = A3A3696E29B55654001A262E /* plane2.png */; };
		A3A3698329B55654001A262E /* plane1.png in Resources */ = {isa = PBXBuildFile; fileRef = A3A3696F29B55654001A262E /* plane1.png */; };
		A3A3698429B55654001A262E /* backButton.png in Resources */ = {isa = PBXBuildFile; fileRef = A3A3697029B55654001A262E /* backButton.png */; };
		A3A3698529B55654001A262E /* plane.png in Resources */ = {isa = PBXBuildFile; fileRef = A3A3697129B55654001A262E /* plane.png */; };
		A3A3698629B55654001A262E /* island.png in Resources */ = {isa = PBXBuildFile; fileRef = A3A3697229B55654001A262E /* island.png */; };
		A3A3698729B55654001A262E /* ocean.gif in Resources */ = {isa = PBXBuildFile; fileRef = A3A3697329B55654001A262E /* ocean.gif */; };
		A3A3698829B55654001A262E /* cloud.png in Resources */ = {isa = PBXBuildFile; fileRef = A3A3697429B55654001A262E /* cloud.png */; };
		A3A3698929B55654001A262E /* nextButton.png in Resources */ = {isa = PBXBuildFile; fileRef = A3A3697529B55654001A262E /* nextButton.png */; };
		A3A3698A29B55654001A262E /* ocean.png in Resources */ = {isa = PBXBuildFile; fileRef = A3A3697629B55654001A262E /* ocean.png */; };
		A3A3698B29B55654001A262E /* startButton.png in Resources */ = {isa = PBXBuildFile; fileRef = A3A3697729B55654001A262E /* startButton.png */; };
		A3A3698C29B55654001A262E /* thunder.ogg in Resources */ = {isa = PBXBuildFile; fileRef = A3A3697929B55654001A262E /* thunder.ogg */; };
		A3A3698D29B55654001A262E /* yay.ogg in Resources */ = {isa = PBXBuildFile; fileRef = A3A3697A29B55654001A262E /* yay.ogg */; };
		A3A3698E29B55654001A262E /* engine.ogg in Resources */ = {isa = PBXBuildFile; fileRef = A3A3697B29B55654001A262E /* engine.ogg */; };
		A3A3698F29B55654001A262E /* engine.mp3 in Resources */ = {isa = PBXBuildFile; fileRef = A3A3697C29B55654001A262E /* engine.mp3 */; };
		A3A3699029B55654001A262E /* thunder.mp3 in Resources */ = {isa = PBXBuildFile; fileRef = A3A3697D29B55654001A262E /* thunder.mp3 */; };
		A3A3699129B55654001A262E /* yay.mp3 in Resources */ = {isa = PBXBuildFile; fileRef = A3A3697E29B55654001A262E /* yay.mp3 */; };
		A3A3699229B55654001A262E /* Dock51.ttf in Resources */ = {isa = PBXBuildFile; fileRef = A3A3698029B55654001A262E /* Dock51.ttf */; };
		A3A3699929B5569A001A262E /* GameProtocol.swift in Sources */ = {isa = PBXBuildFile; fileRef = A3A3699629B5569A001A262E /* GameProtocol.swift */; };
		A3A3699A29B5569A001A262E /* GameObject.swift in Sources */ = {isa = PBXBuildFile; fileRef = A3A3699729B5569A001A262E /* GameObject.swift */; };
		A3A3699B29B5569A001A262E /* Layer.swift in Sources */ = {isa = PBXBuildFile; fileRef = A3A3699829B5569A001A262E /* Layer.swift */; };
		A3A369A329B556A5001A262E /* EndScene.swift in Sources */ = {isa = PBXBuildFile; fileRef = A3A3699D29B556A5001A262E /* EndScene.swift */; };
		A3A369A429B556A5001A262E /* StartScene.sks in Resources */ = {isa = PBXBuildFile; fileRef = A3A3699E29B556A5001A262E /* StartScene.sks */; };
		A3A369A529B556A5001A262E /* GameScene.sks in Resources */ = {isa = PBXBuildFile; fileRef = A3A3699F29B556A5001A262E /* GameScene.sks */; };
		A3A369A629B556A5001A262E /* GameScene.swift in Sources */ = {isa = PBXBuildFile; fileRef = A3A369A029B556A5001A262E /* GameScene.swift */; };
		A3A369A729B556A5001A262E /* EndScene.sks in Resources */ = {isa = PBXBuildFile; fileRef = A3A369A129B556A5001A262E /* EndScene.sks */; };
		A3A369A829B556A5001A262E /* StartScene.swift in Sources */ = {isa = PBXBuildFile; fileRef = A3A369A229B556A5001A262E /* StartScene.swift */; };
		A3A369AC29B556A9001A262E /* ScoreManager.swift in Sources */ = {isa = PBXBuildFile; fileRef = A3A369AA29B556A9001A262E /* ScoreManager.swift */; };
		A3A369AD29B556A9001A262E /* CollisionManager.swift in Sources */ = {isa = PBXBuildFile; fileRef = A3A369AB29B556A9001A262E /* CollisionManager.swift */; };
		A3A369B329B556B6001A262E /* Island.swift in Sources */ = {isa = PBXBuildFile; fileRef = A3A369AF29B556B6001A262E /* Island.swift */; };
		A3A369B429B556B6001A262E /* Cloud.swift in Sources */ = {isa = PBXBuildFile; fileRef = A3A369B029B556B6001A262E /* Cloud.swift */; };
		A3A369B529B556B6001A262E /* Ocean.swift in Sources */ = {isa = PBXBuildFile; fileRef = A3A369B129B556B6001A262E /* Ocean.swift */; };
		A3A369B629B556B6001A262E /* Player.swift in Sources */ = {isa = PBXBuildFile; fileRef = A3A369B229B556B6001A262E /* Player.swift */; };
/* End PBXBuildFile section */

/* Begin PBXFileReference section */
		A30086A429B554D800B2C015 /* MAPD724-W2023-MidTerm-301259638.app */ = {isa = PBXFileReference; explicitFileType = wrapper.application; includeInIndex = 0; path = "MAPD724-W2023-MidTerm-301259638.app"; sourceTree = BUILT_PRODUCTS_DIR; };
		A30086A729B554D800B2C015 /* AppDelegate.swift */ = {isa = PBXFileReference; lastKnownFileType = sourcecode.swift; path = AppDelegate.swift; sourceTree = "<group>"; };
		A30086AF29B554D800B2C015 /* GameViewController.swift */ = {isa = PBXFileReference; lastKnownFileType = sourcecode.swift; path = GameViewController.swift; sourceTree = "<group>"; };
		A30086B229B554D800B2C015 /* Base */ = {isa = PBXFileReference; lastKnownFileType = file.storyboard; name = Base; path = Base.lproj/Main.storyboard; sourceTree = "<group>"; };
		A30086B429B554D900B2C015 /* Assets.xcassets */ = {isa = PBXFileReference; lastKnownFileType = folder.assetcatalog; path = Assets.xcassets; sourceTree = "<group>"; };
		A30086B729B554D900B2C015 /* Base */ = {isa = PBXFileReference; lastKnownFileType = file.storyboard; name = Base; path = Base.lproj/LaunchScreen.storyboard; sourceTree = "<group>"; };
		A35034FB29B5733400031465 /* oceanLandscape.png */ = {isa = PBXFileReference; lastKnownFileType = image.png; path = oceanLandscape.png; sourceTree = "<group>"; };
		A35034FD29B5733900031465 /* planeLandscape.png */ = {isa = PBXFileReference; lastKnownFileType = image.png; path = planeLandscape.png; sourceTree = "<group>"; };
		A3A3696D29B55654001A262E /* plane3.png */ = {isa = PBXFileReference; lastKnownFileType = image.png; path = plane3.png; sourceTree = "<group>"; };
		A3A3696E29B55654001A262E /* plane2.png */ = {isa = PBXFileReference; lastKnownFileType = image.png; path = plane2.png; sourceTree = "<group>"; };
		A3A3696F29B55654001A262E /* plane1.png */ = {isa = PBXFileReference; lastKnownFileType = image.png; path = plane1.png; sourceTree = "<group>"; };
		A3A3697029B55654001A262E /* backButton.png */ = {isa = PBXFileReference; lastKnownFileType = image.png; path = backButton.png; sourceTree = "<group>"; };
		A3A3697129B55654001A262E /* plane.png */ = {isa = PBXFileReference; lastKnownFileType = image.png; path = plane.png; sourceTree = "<group>"; };
		A3A3697229B55654001A262E /* island.png */ = {isa = PBXFileReference; lastKnownFileType = image.png; path = island.png; sourceTree = "<group>"; };
		A3A3697329B55654001A262E /* ocean.gif */ = {isa = PBXFileReference; lastKnownFileType = image.gif; path = ocean.gif; sourceTree = "<group>"; };
		A3A3697429B55654001A262E /* cloud.png */ = {isa = PBXFileReference; lastKnownFileType = image.png; path = cloud.png; sourceTree = "<group>"; };
		A3A3697529B55654001A262E /* nextButton.png */ = {isa = PBXFileReference; lastKnownFileType = image.png; path = nextButton.png; sourceTree = "<group>"; };
		A3A3697629B55654001A262E /* ocean.png */ = {isa = PBXFileReference; lastKnownFileType = image.png; path = ocean.png; sourceTree = "<group>"; };
		A3A3697729B55654001A262E /* startButton.png */ = {isa = PBXFileReference; lastKnownFileType = image.png; path = startButton.png; sourceTree = "<group>"; };
		A3A3697929B55654001A262E /* thunder.ogg */ = {isa = PBXFileReference; lastKnownFileType = file; path = thunder.ogg; sourceTree = "<group>"; };
		A3A3697A29B55654001A262E /* yay.ogg */ = {isa = PBXFileReference; lastKnownFileType = file; path = yay.ogg; sourceTree = "<group>"; };
		A3A3697B29B55654001A262E /* engine.ogg */ = {isa = PBXFileReference; lastKnownFileType = file; path = engine.ogg; sourceTree = "<group>"; };
		A3A3697C29B55654001A262E /* engine.mp3 */ = {isa = PBXFileReference; lastKnownFileType = audio.mp3; path = engine.mp3; sourceTree = "<group>"; };
		A3A3697D29B55654001A262E /* thunder.mp3 */ = {isa = PBXFileReference; lastKnownFileType = audio.mp3; path = thunder.mp3; sourceTree = "<group>"; };
		A3A3697E29B55654001A262E /* yay.mp3 */ = {isa = PBXFileReference; lastKnownFileType = audio.mp3; path = yay.mp3; sourceTree = "<group>"; };
		A3A3698029B55654001A262E /* Dock51.ttf */ = {isa = PBXFileReference; lastKnownFileType = file; path = Dock51.ttf; sourceTree = "<group>"; };
		A3A3699629B5569A001A262E /* GameProtocol.swift */ = {isa = PBXFileReference; fileEncoding = 4; lastKnownFileType = sourcecode.swift; path = GameProtocol.swift; sourceTree = "<group>"; };
		A3A3699729B5569A001A262E /* GameObject.swift */ = {isa = PBXFileReference; fileEncoding = 4; lastKnownFileType = sourcecode.swift; path = GameObject.swift; sourceTree = "<group>"; };
		A3A3699829B5569A001A262E /* Layer.swift */ = {isa = PBXFileReference; fileEncoding = 4; lastKnownFileType = sourcecode.swift; path = Layer.swift; sourceTree = "<group>"; };
		A3A3699D29B556A5001A262E /* EndScene.swift */ = {isa = PBXFileReference; fileEncoding = 4; lastKnownFileType = sourcecode.swift; path = EndScene.swift; sourceTree = "<group>"; };
		A3A3699E29B556A5001A262E /* StartScene.sks */ = {isa = PBXFileReference; lastKnownFileType = file.sks; path = StartScene.sks; sourceTree = "<group>"; };
		A3A3699F29B556A5001A262E /* GameScene.sks */ = {isa = PBXFileReference; lastKnownFileType = file.sks; path = GameScene.sks; sourceTree = "<group>"; };
		A3A369A029B556A5001A262E /* GameScene.swift */ = {isa = PBXFileReference; fileEncoding = 4; lastKnownFileType = sourcecode.swift; path = GameScene.swift; sourceTree = "<group>"; };
		A3A369A129B556A5001A262E /* EndScene.sks */ = {isa = PBXFileReference; lastKnownFileType = file.sks; path = EndScene.sks; sourceTree = "<group>"; };
		A3A369A229B556A5001A262E /* StartScene.swift */ = {isa = PBXFileReference; fileEncoding = 4; lastKnownFileType = sourcecode.swift; path = StartScene.swift; sourceTree = "<group>"; };
		A3A369AA29B556A9001A262E /* ScoreManager.swift */ = {isa = PBXFileReference; fileEncoding = 4; lastKnownFileType = sourcecode.swift; path = ScoreManager.swift; sourceTree = "<group>"; };
		A3A369AB29B556A9001A262E /* CollisionManager.swift */ = {isa = PBXFileReference; fileEncoding = 4; lastKnownFileType = sourcecode.swift; path = CollisionManager.swift; sourceTree = "<group>"; };
		A3A369AF29B556B6001A262E /* Island.swift */ = {isa = PBXFileReference; fileEncoding = 4; lastKnownFileType = sourcecode.swift; path = Island.swift; sourceTree = "<group>"; };
		A3A369B029B556B6001A262E /* Cloud.swift */ = {isa = PBXFileReference; fileEncoding = 4; lastKnownFileType = sourcecode.swift; path = Cloud.swift; sourceTree = "<group>"; };
		A3A369B129B556B6001A262E /* Ocean.swift */ = {isa = PBXFileReference; fileEncoding = 4; lastKnownFileType = sourcecode.swift; path = Ocean.swift; sourceTree = "<group>"; };
		A3A369B229B556B6001A262E /* Player.swift */ = {isa = PBXFileReference; fileEncoding = 4; lastKnownFileType = sourcecode.swift; path = Player.swift; sourceTree = "<group>"; };
		A3A369B929B5586C001A262E /* Info.plist */ = {isa = PBXFileReference; lastKnownFileType = text.plist.xml; path = Info.plist; sourceTree = "<group>"; };
/* End PBXFileReference section */

/* Begin PBXFrameworksBuildPhase section */
		A30086A129B554D800B2C015 /* Frameworks */ = {
			isa = PBXFrameworksBuildPhase;
			buildActionMask = 2147483647;
			files = (
			);
			runOnlyForDeploymentPostprocessing = 0;
		};
/* End PBXFrameworksBuildPhase section */

/* Begin PBXGroup section */
		A300869B29B554D800B2C015 = {
			isa = PBXGroup;
			children = (
				A30086A629B554D800B2C015 /* MAPD724-W2023-MidTerm-301259638 */,
				A30086A529B554D800B2C015 /* Products */,
			);
			sourceTree = "<group>";
		};
		A30086A529B554D800B2C015 /* Products */ = {
			isa = PBXGroup;
			children = (
				A30086A429B554D800B2C015 /* MAPD724-W2023-MidTerm-301259638.app */,
			);
			name = Products;
			sourceTree = "<group>";
		};
		A30086A629B554D800B2C015 /* MAPD724-W2023-MidTerm-301259638 */ = {
			isa = PBXGroup;
			children = (
				A3A369B929B5586C001A262E /* Info.plist */,
				A3A369AE29B556B6001A262E /* GameObjects */,
				A3A369A929B556A9001A262E /* Managers */,
				A3A3699C29B556A5001A262E /* Scenes */,
				A3A3699529B5569A001A262E /* Core */,
				A3A3696B29B55654001A262E /* Assets */,
				A30086A729B554D800B2C015 /* AppDelegate.swift */,
				A30086AF29B554D800B2C015 /* GameViewController.swift */,
				A30086B129B554D800B2C015 /* Main.storyboard */,
				A30086B429B554D900B2C015 /* Assets.xcassets */,
				A30086B629B554D900B2C015 /* LaunchScreen.storyboard */,
			);
			path = "MAPD724-W2023-MidTerm-301259638";
			sourceTree = "<group>";
		};
		A3A3696B29B55654001A262E /* Assets */ = {
			isa = PBXGroup;
			children = (
				A3A3696C29B55654001A262E /* images */,
				A3A3697829B55654001A262E /* audio */,
				A3A3697F29B55654001A262E /* fonts */,
			);
			name = Assets;
			path = "../../MAPD724-W2023-ICE-4B-main/MAPD724-W2023-ICE-4B/Assets";
			sourceTree = "<group>";
		};
		A3A3696C29B55654001A262E /* images */ = {
			isa = PBXGroup;
			children = (
				A35034FD29B5733900031465 /* planeLandscape.png */,
				A35034FB29B5733400031465 /* oceanLandscape.png */,
				A3A3696D29B55654001A262E /* plane3.png */,
				A3A3696E29B55654001A262E /* plane2.png */,
				A3A3696F29B55654001A262E /* plane1.png */,
				A3A3697029B55654001A262E /* backButton.png */,
				A3A3697129B55654001A262E /* plane.png */,
				A3A3697229B55654001A262E /* island.png */,
				A3A3697329B55654001A262E /* ocean.gif */,
				A3A3697429B55654001A262E /* cloud.png */,
				A3A3697529B55654001A262E /* nextButton.png */,
				A3A3697629B55654001A262E /* ocean.png */,
				A3A3697729B55654001A262E /* startButton.png */,
			);
			path = images;
			sourceTree = "<group>";
		};
		A3A3697829B55654001A262E /* audio */ = {
			isa = PBXGroup;
			children = (
				A3A3697929B55654001A262E /* thunder.ogg */,
				A3A3697A29B55654001A262E /* yay.ogg */,
				A3A3697B29B55654001A262E /* engine.ogg */,
				A3A3697C29B55654001A262E /* engine.mp3 */,
				A3A3697D29B55654001A262E /* thunder.mp3 */,
				A3A3697E29B55654001A262E /* yay.mp3 */,
			);
			path = audio;
			sourceTree = "<group>";
		};
		A3A3697F29B55654001A262E /* fonts */ = {
			isa = PBXGroup;
			children = (
				A3A3698029B55654001A262E /* Dock51.ttf */,
			);
			path = fonts;
			sourceTree = "<group>";
		};
		A3A3699529B5569A001A262E /* Core */ = {
			isa = PBXGroup;
			children = (
				A3A3699629B5569A001A262E /* GameProtocol.swift */,
				A3A3699729B5569A001A262E /* GameObject.swift */,
				A3A3699829B5569A001A262E /* Layer.swift */,
			);
			name = Core;
			path = "../../MAPD724-W2023-ICE-4B-main/MAPD724-W2023-ICE-4B/Core";
			sourceTree = "<group>";
		};
		A3A3699C29B556A5001A262E /* Scenes */ = {
			isa = PBXGroup;
			children = (
				A3A369A229B556A5001A262E /* StartScene.swift */,
				A3A3699E29B556A5001A262E /* StartScene.sks */,
				A3A369A029B556A5001A262E /* GameScene.swift */,
				A3A3699F29B556A5001A262E /* GameScene.sks */,
				A3A3699D29B556A5001A262E /* EndScene.swift */,
				A3A369A129B556A5001A262E /* EndScene.sks */,
			);
			name = Scenes;
			path = "../../MAPD724-W2023-ICE-4B-main/MAPD724-W2023-ICE-4B/Scenes";
			sourceTree = "<group>";
		};
		A3A369A929B556A9001A262E /* Managers */ = {
			isa = PBXGroup;
			children = (
				A3A369AA29B556A9001A262E /* ScoreManager.swift */,
				A3A369AB29B556A9001A262E /* CollisionManager.swift */,
			);
			name = Managers;
			path = "../../MAPD724-W2023-ICE-4B-main/MAPD724-W2023-ICE-4B/Managers";
			sourceTree = "<group>";
		};
		A3A369AE29B556B6001A262E /* GameObjects */ = {
			isa = PBXGroup;
			children = (
				A3A369AF29B556B6001A262E /* Island.swift */,
				A3A369B029B556B6001A262E /* Cloud.swift */,
				A3A369B129B556B6001A262E /* Ocean.swift */,
				A3A369B229B556B6001A262E /* Player.swift */,
			);
			name = GameObjects;
			path = "../../MAPD724-W2023-ICE-4B-main/MAPD724-W2023-ICE-4B/GameObjects";
			sourceTree = "<group>";
		};
/* End PBXGroup section */

/* Begin PBXNativeTarget section */
		A30086A329B554D800B2C015 /* MAPD724-W2023-MidTerm-301259638 */ = {
			isa = PBXNativeTarget;
			buildConfigurationList = A30086BB29B554D900B2C015 /* Build configuration list for PBXNativeTarget "MAPD724-W2023-MidTerm-301259638" */;
			buildPhases = (
				A30086A029B554D800B2C015 /* Sources */,
				A30086A129B554D800B2C015 /* Frameworks */,
				A30086A229B554D800B2C015 /* Resources */,
			);
			buildRules = (
			);
			dependencies = (
			);
			name = "MAPD724-W2023-MidTerm-301259638";
			productName = "MAPD724-W2023-MidTerm-301259638";
			productReference = A30086A429B554D800B2C015 /* MAPD724-W2023-MidTerm-301259638.app */;
			productType = "com.apple.product-type.application";
		};
/* End PBXNativeTarget section */

/* Begin PBXProject section */
		A300869C29B554D800B2C015 /* Project object */ = {
			isa = PBXProject;
			attributes = {
				BuildIndependentTargetsInParallel = 1;
				LastSwiftUpdateCheck = 1400;
				LastUpgradeCheck = 1400;
				TargetAttributes = {
					A30086A329B554D800B2C015 = {
						CreatedOnToolsVersion = 14.0.1;
					};
				};
			};
			buildConfigurationList = A300869F29B554D800B2C015 /* Build configuration list for PBXProject "MAPD724-W2023-MidTerm-301259638" */;
			compatibilityVersion = "Xcode 14.0";
			developmentRegion = en;
			hasScannedForEncodings = 0;
			knownRegions = (
				en,
				Base,
			);
			mainGroup = A300869B29B554D800B2C015;
			productRefGroup = A30086A529B554D800B2C015 /* Products */;
			projectDirPath = "";
			projectRoot = "";
			targets = (
				A30086A329B554D800B2C015 /* MAPD724-W2023-MidTerm-301259638 */,
			);
		};
/* End PBXProject section */

/* Begin PBXResourcesBuildPhase section */
		A30086A229B554D800B2C015 /* Resources */ = {
			isa = PBXResourcesBuildPhase;
			buildActionMask = 2147483647;
			files = (
				A3A3698B29B55654001A262E /* startButton.png in Resources */,
				A3A3698929B55654001A262E /* nextButton.png in Resources */,
				A3A3698129B55654001A262E /* plane3.png in Resources */,
				A3A369A529B556A5001A262E /* GameScene.sks in Resources */,
				A3A3698729B55654001A262E /* ocean.gif in Resources */,
				A3A3698429B55654001A262E /* backButton.png in Resources */,
				A3A3698D29B55654001A262E /* yay.ogg in Resources */,
				A3A3698229B55654001A262E /* plane2.png in Resources */,
				A3A369A729B556A5001A262E /* EndScene.sks in Resources */,
				A30086B329B554D800B2C015 /* Main.storyboard in Resources */,
				A3A3698A29B55654001A262E /* ocean.png in Resources */,
				A3A3698E29B55654001A262E /* engine.ogg in Resources */,
				A35034FE29B5733900031465 /* planeLandscape.png in Resources */,
				A3A3698829B55654001A262E /* cloud.png in Resources */,
				A3A3698529B55654001A262E /* plane.png in Resources */,
				A3A3699129B55654001A262E /* yay.mp3 in Resources */,
				A30086B529B554D900B2C015 /* Assets.xcassets in Resources */,
				A3A3698629B55654001A262E /* island.png in Resources */,
				A3A3698329B55654001A262E /* plane1.png in Resources */,
				A35034FC29B5733400031465 /* oceanLandscape.png in Resources */,
				A3A3699029B55654001A262E /* thunder.mp3 in Resources */,
				A30086B829B554D900B2C015 /* LaunchScreen.storyboard in Resources */,
				A3A369A429B556A5001A262E /* StartScene.sks in Resources */,
				A3A3699229B55654001A262E /* Dock51.ttf in Resources */,
				A3A3698F29B55654001A262E /* engine.mp3 in Resources */,
				A3A3698C29B55654001A262E /* thunder.ogg in Resources */,
			);
			runOnlyForDeploymentPostprocessing = 0;
		};
/* End PBXResourcesBuildPhase section */

/* Begin PBXSourcesBuildPhase section */
		A30086A029B554D800B2C015 /* Sources */ = {
			isa = PBXSourcesBuildPhase;
			buildActionMask = 2147483647;
			files = (
				A3A369A329B556A5001A262E /* EndScene.swift in Sources */,
				A3A369B429B556B6001A262E /* Cloud.swift in Sources */,
				A3A3699A29B5569A001A262E /* GameObject.swift in Sources */,
				A3A369AD29B556A9001A262E /* CollisionManager.swift in Sources */,
				A3A369B629B556B6001A262E /* Player.swift in Sources */,
				A30086B029B554D800B2C015 /* GameViewController.swift in Sources */,
				A3A369AC29B556A9001A262E /* ScoreManager.swift in Sources */,
				A3A3699B29B5569A001A262E /* Layer.swift in Sources */,
				A30086A829B554D800B2C015 /* AppDelegate.swift in Sources */,
				A3A369A629B556A5001A262E /* GameScene.swift in Sources */,
				A3A369B529B556B6001A262E /* Ocean.swift in Sources */,
				A3A3699929B5569A001A262E /* GameProtocol.swift in Sources */,
				A3A369A829B556A5001A262E /* StartScene.swift in Sources */,
				A3A369B329B556B6001A262E /* Island.swift in Sources */,
			);
			runOnlyForDeploymentPostprocessing = 0;
		};
/* End PBXSourcesBuildPhase section */

/* Begin PBXVariantGroup section */
		A30086B129B554D800B2C015 /* Main.storyboard */ = {
			isa = PBXVariantGroup;
			children = (
				A30086B229B554D800B2C015 /* Base */,
			);
			name = Main.storyboard;
			sourceTree = "<group>";
		};
		A30086B629B554D900B2C015 /* LaunchScreen.storyboard */ = {
			isa = PBXVariantGroup;
			children = (
				A30086B729B554D900B2C015 /* Base */,
			);
			name = LaunchScreen.storyboard;
			sourceTree = "<group>";
		};
/* End PBXVariantGroup section */

/* Begin XCBuildConfiguration section */
		A30086B929B554D900B2C015 /* Debug */ = {
			isa = XCBuildConfiguration;
			buildSettings = {
				ALWAYS_SEARCH_USER_PATHS = NO;
				CLANG_ANALYZER_NONNULL = YES;
				CLANG_ANALYZER_NUMBER_OBJECT_CONVERSION = YES_AGGRESSIVE;
				CLANG_CXX_LANGUAGE_STANDARD = "gnu++20";
				CLANG_ENABLE_MODULES = YES;
				CLANG_ENABLE_OBJC_ARC = YES;
				CLANG_ENABLE_OBJC_WEAK = YES;
				CLANG_WARN_BLOCK_CAPTURE_AUTORELEASING = YES;
				CLANG_WARN_BOOL_CONVERSION = YES;
				CLANG_WARN_COMMA = YES;
				CLANG_WARN_CONSTANT_CONVERSION = YES;
				CLANG_WARN_DEPRECATED_OBJC_IMPLEMENTATIONS = YES;
				CLANG_WARN_DIRECT_OBJC_ISA_USAGE = YES_ERROR;
				CLANG_WARN_DOCUMENTATION_COMMENTS = YES;
				CLANG_WARN_EMPTY_BODY = YES;
				CLANG_WARN_ENUM_CONVERSION = YES;
				CLANG_WARN_INFINITE_RECURSION = YES;
				CLANG_WARN_INT_CONVERSION = YES;
				CLANG_WARN_NON_LITERAL_NULL_CONVERSION = YES;
				CLANG_WARN_OBJC_IMPLICIT_RETAIN_SELF = YES;
				CLANG_WARN_OBJC_LITERAL_CONVERSION = YES;
				CLANG_WARN_OBJC_ROOT_CLASS = YES_ERROR;
				CLANG_WARN_QUOTED_INCLUDE_IN_FRAMEWORK_HEADER = YES;
				CLANG_WARN_RANGE_LOOP_ANALYSIS = YES;
				CLANG_WARN_STRICT_PROTOTYPES = YES;
				CLANG_WARN_SUSPICIOUS_MOVE = YES;
				CLANG_WARN_UNGUARDED_AVAILABILITY = YES_AGGRESSIVE;
				CLANG_WARN_UNREACHABLE_CODE = YES;
				CLANG_WARN__DUPLICATE_METHOD_MATCH = YES;
				COPY_PHASE_STRIP = NO;
				DEBUG_INFORMATION_FORMAT = dwarf;
				ENABLE_STRICT_OBJC_MSGSEND = YES;
				ENABLE_TESTABILITY = YES;
				GCC_C_LANGUAGE_STANDARD = gnu11;
				GCC_DYNAMIC_NO_PIC = NO;
				GCC_NO_COMMON_BLOCKS = YES;
				GCC_OPTIMIZATION_LEVEL = 0;
				GCC_PREPROCESSOR_DEFINITIONS = (
					"DEBUG=1",
					"$(inherited)",
				);
				GCC_WARN_64_TO_32_BIT_CONVERSION = YES;
				GCC_WARN_ABOUT_RETURN_TYPE = YES_ERROR;
				GCC_WARN_UNDECLARED_SELECTOR = YES;
				GCC_WARN_UNINITIALIZED_AUTOS = YES_AGGRESSIVE;
				GCC_WARN_UNUSED_FUNCTION = YES;
				GCC_WARN_UNUSED_VARIABLE = YES;
				IPHONEOS_DEPLOYMENT_TARGET = 16.0;
				MTL_ENABLE_DEBUG_INFO = INCLUDE_SOURCE;
				MTL_FAST_MATH = YES;
				ONLY_ACTIVE_ARCH = YES;
				SDKROOT = iphoneos;
				SWIFT_ACTIVE_COMPILATION_CONDITIONS = DEBUG;
				SWIFT_OPTIMIZATION_LEVEL = "-Onone";
			};
			name = Debug;
		};
		A30086BA29B554D900B2C015 /* Release */ = {
			isa = XCBuildConfiguration;
			buildSettings = {
				ALWAYS_SEARCH_USER_PATHS = NO;
				CLANG_ANALYZER_NONNULL = YES;
				CLANG_ANALYZER_NUMBER_OBJECT_CONVERSION = YES_AGGRESSIVE;
				CLANG_CXX_LANGUAGE_STANDARD = "gnu++20";
				CLANG_ENABLE_MODULES = YES;
				CLANG_ENABLE_OBJC_ARC = YES;
				CLANG_ENABLE_OBJC_WEAK = YES;
				CLANG_WARN_BLOCK_CAPTURE_AUTORELEASING = YES;
				CLANG_WARN_BOOL_CONVERSION = YES;
				CLANG_WARN_COMMA = YES;
				CLANG_WARN_CONSTANT_CONVERSION = YES;
				CLANG_WARN_DEPRECATED_OBJC_IMPLEMENTATIONS = YES;
				CLANG_WARN_DIRECT_OBJC_ISA_USAGE = YES_ERROR;
				CLANG_WARN_DOCUMENTATION_COMMENTS = YES;
				CLANG_WARN_EMPTY_BODY = YES;
				CLANG_WARN_ENUM_CONVERSION = YES;
				CLANG_WARN_INFINITE_RECURSION = YES;
				CLANG_WARN_INT_CONVERSION = YES;
				CLANG_WARN_NON_LITERAL_NULL_CONVERSION = YES;
				CLANG_WARN_OBJC_IMPLICIT_RETAIN_SELF = YES;
				CLANG_WARN_OBJC_LITERAL_CONVERSION = YES;
				CLANG_WARN_OBJC_ROOT_CLASS = YES_ERROR;
				CLANG_WARN_QUOTED_INCLUDE_IN_FRAMEWORK_HEADER = YES;
				CLANG_WARN_RANGE_LOOP_ANALYSIS = YES;
				CLANG_WARN_STRICT_PROTOTYPES = YES;
				CLANG_WARN_SUSPICIOUS_MOVE = YES;
				CLANG_WARN_UNGUARDED_AVAILABILITY = YES_AGGRESSIVE;
				CLANG_WARN_UNREACHABLE_CODE = YES;
				CLANG_WARN__DUPLICATE_METHOD_MATCH = YES;
				COPY_PHASE_STRIP = NO;
				DEBUG_INFORMATION_FORMAT = "dwarf-with-dsym";
				ENABLE_NS_ASSERTIONS = NO;
				ENABLE_STRICT_OBJC_MSGSEND = YES;
				GCC_C_LANGUAGE_STANDARD = gnu11;
				GCC_NO_COMMON_BLOCKS = YES;
				GCC_WARN_64_TO_32_BIT_CONVERSION = YES;
				GCC_WARN_ABOUT_RETURN_TYPE = YES_ERROR;
				GCC_WARN_UNDECLARED_SELECTOR = YES;
				GCC_WARN_UNINITIALIZED_AUTOS = YES_AGGRESSIVE;
				GCC_WARN_UNUSED_FUNCTION = YES;
				GCC_WARN_UNUSED_VARIABLE = YES;
				IPHONEOS_DEPLOYMENT_TARGET = 16.0;
				MTL_ENABLE_DEBUG_INFO = NO;
				MTL_FAST_MATH = YES;
				SDKROOT = iphoneos;
				SWIFT_COMPILATION_MODE = wholemodule;
				SWIFT_OPTIMIZATION_LEVEL = "-O";
				VALIDATE_PRODUCT = YES;
			};
			name = Release;
		};
		A30086BC29B554D900B2C015 /* Debug */ = {
			isa = XCBuildConfiguration;
			buildSettings = {
				ASSETCATALOG_COMPILER_APPICON_NAME = AppIcon;
				ASSETCATALOG_COMPILER_GLOBAL_ACCENT_COLOR_NAME = AccentColor;
				CODE_SIGN_STYLE = Automatic;
				CURRENT_PROJECT_VERSION = 1;
				DEVELOPMENT_TEAM = 22Z364Z68X;
				GENERATE_INFOPLIST_FILE = YES;
				INFOPLIST_FILE = "MAPD724-W2023-MidTerm-301259638/Info.plist";
				INFOPLIST_KEY_CFBundleDisplayName = "Mail Pilot Landscape";
				INFOPLIST_KEY_UIApplicationSupportsIndirectInputEvents = YES;
				INFOPLIST_KEY_UILaunchStoryboardName = LaunchScreen;
				INFOPLIST_KEY_UIMainStoryboardFile = Main;
				INFOPLIST_KEY_UIStatusBarHidden = YES;
				INFOPLIST_KEY_UISupportedInterfaceOrientations_iPad = "UIInterfaceOrientationPortrait UIInterfaceOrientationPortraitUpsideDown UIInterfaceOrientationLandscapeLeft UIInterfaceOrientationLandscapeRight";
				INFOPLIST_KEY_UISupportedInterfaceOrientations_iPhone = "UIInterfaceOrientationPortrait UIInterfaceOrientationLandscapeLeft UIInterfaceOrientationLandscapeRight";
				LD_RUNPATH_SEARCH_PATHS = (
					"$(inherited)",
					"@executable_path/Frameworks",
				);
				MARKETING_VERSION = 1.0;
				PRODUCT_BUNDLE_IDENTIFIER = "ca.centennialcollege.MAPD724-W2023-MidTerm-301259638";
				PRODUCT_NAME = "$(TARGET_NAME)";
				SUPPORTED_PLATFORMS = "iphoneos iphonesimulator";
				SUPPORTS_MACCATALYST = NO;
				SUPPORTS_MAC_DESIGNED_FOR_IPHONE_IPAD = NO;
				SWIFT_EMIT_LOC_STRINGS = YES;
				SWIFT_VERSION = 5.0;
				TARGETED_DEVICE_FAMILY = 1;
			};
			name = Debug;
		};
		A30086BD29B554D900B2C015 /* Release */ = {
			isa = XCBuildConfiguration;
			buildSettings = {
				ASSETCATALOG_COMPILER_APPICON_NAME = AppIcon;
				ASSETCATALOG_COMPILER_GLOBAL_ACCENT_COLOR_NAME = AccentColor;
				CODE_SIGN_STYLE = Automatic;
				CURRENT_PROJECT_VERSION = 1;
				DEVELOPMENT_TEAM = 22Z364Z68X;
				GENERATE_INFOPLIST_FILE = YES;
				INFOPLIST_FILE = "MAPD724-W2023-MidTerm-301259638/Info.plist";
				INFOPLIST_KEY_CFBundleDisplayName = "Mail Pilot Landscape";
				INFOPLIST_KEY_UIApplicationSupportsIndirectInputEvents = YES;
				INFOPLIST_KEY_UILaunchStoryboardName = LaunchScreen;
				INFOPLIST_KEY_UIMainStoryboardFile = Main;
				INFOPLIST_KEY_UIStatusBarHidden = YES;
				INFOPLIST_KEY_UISupportedInterfaceOrientations_iPad = "UIInterfaceOrientationPortrait UIInterfaceOrientationPortraitUpsideDown UIInterfaceOrientationLandscapeLeft UIInterfaceOrientationLandscapeRight";
				INFOPLIST_KEY_UISupportedInterfaceOrientations_iPhone = "UIInterfaceOrientationPortrait UIInterfaceOrientationLandscapeLeft UIInterfaceOrientationLandscapeRight";
				LD_RUNPATH_SEARCH_PATHS = (
					"$(inherited)",
					"@executable_path/Frameworks",
				);
				MARKETING_VERSION = 1.0;
				PRODUCT_BUNDLE_IDENTIFIER = "ca.centennialcollege.MAPD724-W2023-MidTerm-301259638";
				PRODUCT_NAME = "$(TARGET_NAME)";
				SUPPORTED_PLATFORMS = "iphoneos iphonesimulator";
				SUPPORTS_MACCATALYST = NO;
				SUPPORTS_MAC_DESIGNED_FOR_IPHONE_IPAD = NO;
				SWIFT_EMIT_LOC_STRINGS = YES;
				SWIFT_VERSION = 5.0;
				TARGETED_DEVICE_FAMILY = 1;
			};
			name = Release;
		};
/* End XCBuildConfiguration section */

/* Begin XCConfigurationList section */
		A300869F29B554D800B2C015 /* Build configuration list for PBXProject "MAPD724-W2023-MidTerm-301259638" */ = {
			isa = XCConfigurationList;
			buildConfigurations = (
				A30086B929B554D900B2C015 /* Debug */,
				A30086BA29B554D900B2C015 /* Release */,
			);
			defaultConfigurationIsVisible = 0;
			defaultConfigurationName = Release;
		};
		A30086BB29B554D900B2C015 /* Build configuration list for PBXNativeTarget "MAPD724-W2023-MidTerm-301259638" */ = {
			isa = XCConfigurationList;
			buildConfigurations = (
				A30086BC29B554D900B2C015 /* Debug */,
				A30086BD29B554D900B2C015 /* Release */,
			);
			defaultConfigurationIsVisible = 0;
			defaultConfigurationName = Release;
		};
/* End XCConfigurationList section */
	};
	rootObject = A300869C29B554D800B2C015 /* Project object */;
}
